
Microsoft Visual Studio Solution File, Format Version 12.00
# Visual Studio Version 17
VisualStudioVersion = 17.14.36203.30 d17.14
MinimumVisualStudioVersion = 10.0.40219.1
Project("{FAE04EC0-301F-11D3-BF4B-00C04F79EFBC}") = "WebApplication1", "WebApplication1\WebApplication1.csproj", "{5F861412-FD85-483F-8B63-CFAB34A64E31}"
EndProject
Global
	GlobalSection(SolutionConfigurationPlatforms) = preSolution
		Debug|Any CPU = Debug|Any CPU
		Release|Any CPU = Release|Any CPU
	EndGlobalSection
	GlobalSection(ProjectConfigurationPlatforms) = postSolution
		{5F861412-FD85-483F-8B63-CFAB34A64E31}.Debug|Any CPU.ActiveCfg = Debug|Any CPU
		{5F861412-FD85-483F-8B63-CFAB34A64E31}.Debug|Any CPU.Build.0 = Debug|Any CPU
		{5F861412-FD85-483F-8B63-CFAB34A64E31}.Release|Any CPU.ActiveCfg = Release|Any CPU
		{5F861412-FD85-483F-8B63-CFAB34A64E31}.Release|Any CPU.Build.0 = Release|Any CPU
	EndGlobalSection
	GlobalSection(SolutionProperties) = preSolution
		HideSolutionNode = FALSE
	EndGlobalSection
	GlobalSection(ExtensibilityGlobals) = postSolution
		SolutionGuid = {DEA03AD5-BBA9-455B-90A7-9EBBB3D0F9E7}
	EndGlobalSection
EndGlobal
